
Microsoft Visual Studio Solution File, Format Version 12.00
# Visual Studio 2012
Project("{8BC9CEB8-8B4A-11D0-8D11-00A0C91BC942}") = "IntelRnd", "IntelRnd\IntelRnd.vcxproj", "{8C54B0BF-BB5E-4982-8B95-758CE3AA383C}"
EndProject
Global
	GlobalSection(SolutionConfigurationPlatforms) = preSolution
		Debug|Win32 = Debug|Win32
		Release|Win32 = Release|Win32
		Description = Support for Intel rdrand
	EndGlobalSection
	GlobalSection(ProjectConfigurationPlatforms) = postSolution
		{8C54B0BF-BB5E-4982-8B95-758CE3AA383C}.Debug|Win32.ActiveCfg = Debug|Win32
		{8C54B0BF-BB5E-4982-8B95-758CE3AA383C}.Debug|Win32.Build.0 = Debug|Win32
		{8C54B0BF-BB5E-4982-8B95-758CE3AA383C}.Release|Win32.ActiveCfg = Release|Win32
		{8C54B0BF-BB5E-4982-8B95-758CE3AA383C}.Release|Win32.Build.0 = Release|Win32
	EndGlobalSection
	GlobalSection(SolutionProperties) = preSolution
		HideSolutionNode = FALSE
	EndGlobalSection
EndGlobal
